// !$*UTF8*$!
{
	archiveVersion = 1;
	classes = {
	};
	objectVersion = 50;
	objects = {

/* Begin PBXBuildFile section */
		84F15BEA213FE9E500BD6BBF /* AppDelegate.swift in Sources */ = {isa = PBXBuildFile; fileRef = 84F15BE9213FE9E500BD6BBF /* AppDelegate.swift */; };
		84F15BEC213FE9E500BD6BBF /* ViewController.swift in Sources */ = {isa = PBXBuildFile; fileRef = 84F15BEB213FE9E500BD6BBF /* ViewController.swift */; };
		84F15BEF213FE9E500BD6BBF /* Main.storyboard in Resources */ = {isa = PBXBuildFile; fileRef = 84F15BED213FE9E500BD6BBF /* Main.storyboard */; };
		84F15BF1213FE9E700BD6BBF /* Assets.xcassets in Resources */ = {isa = PBXBuildFile; fileRef = 84F15BF0213FE9E700BD6BBF /* Assets.xcassets */; };
		84F15BF4213FE9E700BD6BBF /* LaunchScreen.storyboard in Resources */ = {isa = PBXBuildFile; fileRef = 84F15BF2213FE9E700BD6BBF /* LaunchScreen.storyboard */; };
		84F15BFF213FE9E700BD6BBF /* GitPracticeTests.swift in Sources */ = {isa = PBXBuildFile; fileRef = 84F15BFE213FE9E700BD6BBF /* GitPracticeTests.swift */; };
		84F15C0A213FE9E700BD6BBF /* GitPracticeUITests.swift in Sources */ = {isa = PBXBuildFile; fileRef = 84F15C09213FE9E700BD6BBF /* GitPracticeUITests.swift */; };
/* End PBXBuildFile section */

/* Begin PBXContainerItemProxy section */
		84F15BFB213FE9E700BD6BBF /* PBXContainerItemProxy */ = {
			isa = PBXContainerItemProxy;
			containerPortal = 84F15BDE213FE9E500BD6BBF /* Project object */;
			proxyType = 1;
			remoteGlobalIDString = 84F15BE5213FE9E500BD6BBF;
			remoteInfo = GitPractice;
		};
		84F15C06213FE9E700BD6BBF /* PBXContainerItemProxy */ = {
			isa = PBXContainerItemProxy;
			containerPortal = 84F15BDE213FE9E500BD6BBF /* Project object */;
			proxyType = 1;
			remoteGlobalIDString = 84F15BE5213FE9E500BD6BBF;
			remoteInfo = GitPractice;
		};
/* End PBXContainerItemProxy section */

/* Begin PBXFileReference section */
		84F15BE6213FE9E500BD6BBF /* GitPractice.app */ = {isa = PBXFileReference; explicitFileType = wrapper.application; includeInIndex = 0; path = GitPractice.app; sourceTree = BUILT_PRODUCTS_DIR; };
		84F15BE9213FE9E500BD6BBF /* AppDelegate.swift */ = {isa = PBXFileReference; lastKnownFileType = sourcecode.swift; path = AppDelegate.swift; sourceTree = "<group>"; };
		84F15BEB213FE9E500BD6BBF /* ViewController.swift */ = {isa = PBXFileReference; lastKnownFileType = sourcecode.swift; path = ViewController.swift; sourceTree = "<group>"; };
		84F15BEE213FE9E500BD6BBF /* Base */ = {isa = PBXFileReference; lastKnownFileType = file.storyboard; name = Base; path = Base.lproj/Main.storyboard; sourceTree = "<group>"; };
		84F15BF0213FE9E700BD6BBF /* Assets.xcassets */ = {isa = PBXFileReference; lastKnownFileType = folder.assetcatalog; path = Assets.xcassets; sourceTree = "<group>"; };
		84F15BF3213FE9E700BD6BBF /* Base */ = {isa = PBXFileReference; lastKnownFileType = file.storyboard; name = Base; path = Base.lproj/LaunchScreen.storyboard; sourceTree = "<group>"; };
		84F15BF5213FE9E700BD6BBF /* Info.plist */ = {isa = PBXFileReference; lastKnownFileType = text.plist.xml; path = Info.plist; sourceTree = "<group>"; };
		84F15BFA213FE9E700BD6BBF /* GitPracticeTests.xctest */ = {isa = PBXFileReference; explicitFileType = wrapper.cfbundle; includeInIndex = 0; path = GitPracticeTests.xctest; sourceTree = BUILT_PRODUCTS_DIR; };
		84F15BFE213FE9E700BD6BBF /* GitPracticeTests.swift */ = {isa = PBXFileReference; lastKnownFileType = sourcecode.swift; path = GitPracticeTests.swift; sourceTree = "<group>"; };
		84F15C00213FE9E700BD6BBF /* Info.plist */ = {isa = PBXFileReference; lastKnownFileType = text.plist.xml; path = Info.plist; sourceTree = "<group>"; };
		84F15C05213FE9E700BD6BBF /* GitPracticeUITests.xctest */ = {isa = PBXFileReference; explicitFileType = wrapper.cfbundle; includeInIndex = 0; path = GitPracticeUITests.xctest; sourceTree = BUILT_PRODUCTS_DIR; };
		84F15C09213FE9E700BD6BBF /* GitPracticeUITests.swift */ = {isa = PBXFileReference; lastKnownFileType = sourcecode.swift; path = GitPracticeUITests.swift; sourceTree = "<group>"; };
		84F15C0B213FE9E700BD6BBF /* Info.plist */ = {isa = PBXFileReference; lastKnownFileType = text.plist.xml; path = Info.plist; sourceTree = "<group>"; };
/* End PBXFileReference section */

/* Begin PBXFrameworksBuildPhase section */
		84F15BE3213FE9E500BD6BBF /* Frameworks */ = {
			isa = PBXFrameworksBuildPhase;
			buildActionMask = 2147483647;
			files = (
			);
			runOnlyForDeploymentPostprocessing = 0;
		};
		84F15BF7213FE9E700BD6BBF /* Frameworks */ = {
			isa = PBXFrameworksBuildPhase;
			buildActionMask = 2147483647;
			files = (
			);
			runOnlyForDeploymentPostprocessing = 0;
		};
		84F15C02213FE9E700BD6BBF /* Frameworks */ = {
			isa = PBXFrameworksBuildPhase;
			buildActionMask = 2147483647;
			files = (
			);
			runOnlyForDeploymentPostprocessing = 0;
		};
/* End PBXFrameworksBuildPhase section */

/* Begin PBXGroup section */
		84F15BDD213FE9E500BD6BBF = {
			isa = PBXGroup;
			children = (
				84F15BE8213FE9E500BD6BBF /* GitPractice */,
				84F15BFD213FE9E700BD6BBF /* GitPracticeTests */,
				84F15C08213FE9E700BD6BBF /* GitPracticeUITests */,
				84F15BE7213FE9E500BD6BBF /* Products */,
			);
			sourceTree = "<group>";
		};
		84F15BE7213FE9E500BD6BBF /* Products */ = {
			isa = PBXGroup;
			children = (
				84F15BE6213FE9E500BD6BBF /* GitPractice.app */,
				84F15BFA213FE9E700BD6BBF /* GitPracticeTests.xctest */,
				84F15C05213FE9E700BD6BBF /* GitPracticeUITests.xctest */,
			);
			name = Products;
			sourceTree = "<group>";
		};
		84F15BE8213FE9E500BD6BBF /* GitPractice */ = {
			isa = PBXGroup;
			children = (
				84F15BE9213FE9E500BD6BBF /* AppDelegate.swift */,
				84F15BEB213FE9E500BD6BBF /* ViewController.swift */,
				84F15BED213FE9E500BD6BBF /* Main.storyboard */,
				84F15BF0213FE9E700BD6BBF /* Assets.xcassets */,
				84F15BF2213FE9E700BD6BBF /* LaunchScreen.storyboard */,
				84F15BF5213FE9E700BD6BBF /* Info.plist */,
			);
			path = GitPractice;
			sourceTree = "<group>";
		};
		84F15BFD213FE9E700BD6BBF /* GitPracticeTests */ = {
			isa = PBXGroup;
			children = (
				84F15BFE213FE9E700BD6BBF /* GitPracticeTests.swift */,
				84F15C00213FE9E700BD6BBF /* Info.plist */,
			);
			path = GitPracticeTests;
			sourceTree = "<group>";
		};
		84F15C08213FE9E700BD6BBF /* GitPracticeUITests */ = {
			isa = PBXGroup;
			children = (
				84F15C09213FE9E700BD6BBF /* GitPracticeUITests.swift */,
				84F15C0B213FE9E700BD6BBF /* Info.plist */,
			);
			path = GitPracticeUITests;
			sourceTree = "<group>";
		};
/* End PBXGroup section */

/* Begin PBXNativeTarget section */
		84F15BE5213FE9E500BD6BBF /* GitPractice */ = {
			isa = PBXNativeTarget;
			buildConfigurationList = 84F15C0E213FE9E700BD6BBF /* Build configuration list for PBXNativeTarget "GitPractice" */;
			buildPhases = (
				84F15BE2213FE9E500BD6BBF /* Sources */,
				84F15BE3213FE9E500BD6BBF /* Frameworks */,
				84F15BE4213FE9E500BD6BBF /* Resources */,
			);
			buildRules = (
			);
			dependencies = (
			);
			name = GitPractice;
			productName = GitPractice;
			productReference = 84F15BE6213FE9E500BD6BBF /* GitPractice.app */;
			productType = "com.apple.product-type.application";
		};
		84F15BF9213FE9E700BD6BBF /* GitPracticeTests */ = {
			isa = PBXNativeTarget;
			buildConfigurationList = 84F15C11213FE9E700BD6BBF /* Build configuration list for PBXNativeTarget "GitPracticeTests" */;
			buildPhases = (
				84F15BF6213FE9E700BD6BBF /* Sources */,
				84F15BF7213FE9E700BD6BBF /* Frameworks */,
				84F15BF8213FE9E700BD6BBF /* Resources */,
			);
			buildRules = (
			);
			dependencies = (
				84F15BFC213FE9E700BD6BBF /* PBXTargetDependency */,
			);
			name = GitPracticeTests;
			productName = GitPracticeTests;
			productReference = 84F15BFA213FE9E700BD6BBF /* GitPracticeTests.xctest */;
			productType = "com.apple.product-type.bundle.unit-test";
		};
		84F15C04213FE9E700BD6BBF /* GitPracticeUITests */ = {
			isa = PBXNativeTarget;
			buildConfigurationList = 84F15C14213FE9E700BD6BBF /* Build configuration list for PBXNativeTarget "GitPracticeUITests" */;
			buildPhases = (
				84F15C01213FE9E700BD6BBF /* Sources */,
				84F15C02213FE9E700BD6BBF /* Frameworks */,
				84F15C03213FE9E700BD6BBF /* Resources */,
			);
			buildRules = (
			);
			dependencies = (
				84F15C07213FE9E700BD6BBF /* PBXTargetDependency */,
			);
			name = GitPracticeUITests;
			productName = GitPracticeUITests;
			productReference = 84F15C05213FE9E700BD6BBF /* GitPracticeUITests.xctest */;
			productType = "com.apple.product-type.bundle.ui-testing";
		};
/* End PBXNativeTarget section */

/* Begin PBXProject section */
		84F15BDE213FE9E500BD6BBF /* Project object */ = {
			isa = PBXProject;
			attributes = {
				LastSwiftUpdateCheck = 0940;
				LastUpgradeCheck = 0940;
				ORGANIZATIONNAME = Admin;
				TargetAttributes = {
					84F15BE5213FE9E500BD6BBF = {
						CreatedOnToolsVersion = 9.4.1;
					};
					84F15BF9213FE9E700BD6BBF = {
						CreatedOnToolsVersion = 9.4.1;
						TestTargetID = 84F15BE5213FE9E500BD6BBF;
					};
					84F15C04213FE9E700BD6BBF = {
						CreatedOnToolsVersion = 9.4.1;
						TestTargetID = 84F15BE5213FE9E500BD6BBF;
					};
				};
			};
			buildConfigurationList = 84F15BE1213FE9E500BD6BBF /* Build configuration list for PBXProject "GitPractice" */;
			compatibilityVersion = "Xcode 9.3";
			developmentRegion = en;
			hasScannedForEncodings = 0;
			knownRegions = (
				en,
				Base,
			);
			mainGroup = 84F15BDD213FE9E500BD6BBF;
			productRefGroup = 84F15BE7213FE9E500BD6BBF /* Products */;
			projectDirPath = "";
			projectRoot = "";
			targets = (
				84F15BE5213FE9E500BD6BBF /* GitPractice */,
				84F15BF9213FE9E700BD6BBF /* GitPracticeTests */,
				84F15C04213FE9E700BD6BBF /* GitPracticeUITests */,
			);
		};
/* End PBXProject section */

/* Begin PBXResourcesBuildPhase section */
		84F15BE4213FE9E500BD6BBF /* Resources */ = {
			isa = PBXResourcesBuildPhase;
			buildActionMask = 2147483647;
			files = (
				84F15BF4213FE9E700BD6BBF /* LaunchScreen.storyboard in Resources */,
				84F15BF1213FE9E700BD6BBF /* Assets.xcassets in Resources */,
				84F15BEF213FE9E500BD6BBF /* Main.storyboard in Resources */,
			);
			runOnlyForDeploymentPostprocessing = 0;
		};
		84F15BF8213FE9E700BD6BBF /* Resources */ = {
			isa = PBXResourcesBuildPhase;
			buildActionMask = 2147483647;
			files = (
			);
			runOnlyForDeploymentPostprocessing = 0;
		};
		84F15C03213FE9E700BD6BBF /* Resources */ = {
			isa = PBXResourcesBuildPhase;
			buildActionMask = 2147483647;
			files = (
			);
			runOnlyForDeploymentPostprocessing = 0;
		};
/* End PBXResourcesBuildPhase section */

/* Begin PBXSourcesBuildPhase section */
		84F15BE2213FE9E500BD6BBF /* Sources */ = {
			isa = PBXSourcesBuildPhase;
			buildActionMask = 2147483647;
			files = (
				84F15BEC213FE9E500BD6BBF /* ViewController.swift in Sources */,
				84F15BEA213FE9E500BD6BBF /* AppDelegate.swift in Sources */,
			);
			runOnlyForDeploymentPostprocessing = 0;
		};
		84F15BF6213FE9E700BD6BBF /* Sources */ = {
			isa = PBXSourcesBuildPhase;
			buildActionMask = 2147483647;
			files = (
				84F15BFF213FE9E700BD6BBF /* GitPracticeTests.swift in Sources */,
			);
			runOnlyForDeploymentPostprocessing = 0;
		};
		84F15C01213FE9E700BD6BBF /* Sources */ = {
			isa = PBXSourcesBuildPhase;
			buildActionMask = 2147483647;
			files = (
				84F15C0A213FE9E700BD6BBF /* GitPracticeUITests.swift in Sources */,
			);
			runOnlyForDeploymentPostprocessing = 0;
		};
/* End PBXSourcesBuildPhase section */

/* Begin PBXTargetDependency section */
		84F15BFC213FE9E700BD6BBF /* PBXTargetDependency */ = {
			isa = PBXTargetDependency;
			target = 84F15BE5213FE9E500BD6BBF /* GitPractice */;
			targetProxy = 84F15BFB213FE9E700BD6BBF /* PBXContainerItemProxy */;
		};
		84F15C07213FE9E700BD6BBF /* PBXTargetDependency */ = {
			isa = PBXTargetDependency;
			target = 84F15BE5213FE9E500BD6BBF /* GitPractice */;
			targetProxy = 84F15C06213FE9E700BD6BBF /* PBXContainerItemProxy */;
		};
/* End PBXTargetDependency section */

/* Begin PBXVariantGroup section */
		84F15BED213FE9E500BD6BBF /* Main.storyboard */ = {
			isa = PBXVariantGroup;
			children = (
				84F15BEE213FE9E500BD6BBF /* Base */,
			);
			name = Main.storyboard;
			sourceTree = "<group>";
		};
		84F15BF2213FE9E700BD6BBF /* LaunchScreen.storyboard */ = {
			isa = PBXVariantGroup;
			children = (
				84F15BF3213FE9E700BD6BBF /* Base */,
			);
			name = LaunchScreen.storyboard;
			sourceTree = "<group>";
		};
/* End PBXVariantGroup section */

/* Begin XCBuildConfiguration section */
		84F15C0C213FE9E700BD6BBF /* Debug */ = {
			isa = XCBuildConfiguration;
			buildSettings = {
				ALWAYS_SEARCH_USER_PATHS = NO;
				CLANG_ANALYZER_NONNULL = YES;
				CLANG_ANALYZER_NUMBER_OBJECT_CONVERSION = YES_AGGRESSIVE;
				CLANG_CXX_LANGUAGE_STANDARD = "gnu++14";
				CLANG_CXX_LIBRARY = "libc++";
				CLANG_ENABLE_MODULES = YES;
				CLANG_ENABLE_OBJC_ARC = YES;
				CLANG_ENABLE_OBJC_WEAK = YES;
				CLANG_WARN_BLOCK_CAPTURE_AUTORELEASING = YES;
				CLANG_WARN_BOOL_CONVERSION = YES;
				CLANG_WARN_COMMA = YES;
				CLANG_WARN_CONSTANT_CONVERSION = YES;
				CLANG_WARN_DEPRECATED_OBJC_IMPLEMENTATIONS = YES;
				CLANG_WARN_DIRECT_OBJC_ISA_USAGE = YES_ERROR;
				CLANG_WARN_DOCUMENTATION_COMMENTS = YES;
				CLANG_WARN_EMPTY_BODY = YES;
				CLANG_WARN_ENUM_CONVERSION = YES;
				CLANG_WARN_INFINITE_RECURSION = YES;
				CLANG_WARN_INT_CONVERSION = YES;
				CLANG_WARN_NON_LITERAL_NULL_CONVERSION = YES;
				CLANG_WARN_OBJC_IMPLICIT_RETAIN_SELF = YES;
				CLANG_WARN_OBJC_LITERAL_CONVERSION = YES;
				CLANG_WARN_OBJC_ROOT_CLASS = YES_ERROR;
				CLANG_WARN_RANGE_LOOP_ANALYSIS = YES;
				CLANG_WARN_STRICT_PROTOTYPES = YES;
				CLANG_WARN_SUSPICIOUS_MOVE = YES;
				CLANG_WARN_UNGUARDED_AVAILABILITY = YES_AGGRESSIVE;
				CLANG_WARN_UNREACHABLE_CODE = YES;
				CLANG_WARN__DUPLICATE_METHOD_MATCH = YES;
				CODE_SIGN_IDENTITY = "iPhone Developer";
				COPY_PHASE_STRIP = NO;
				DEBUG_INFORMATION_FORMAT = dwarf;
				ENABLE_STRICT_OBJC_MSGSEND = YES;
				ENABLE_TESTABILITY = YES;
				GCC_C_LANGUAGE_STANDARD = gnu11;
				GCC_DYNAMIC_NO_PIC = NO;
				GCC_NO_COMMON_BLOCKS = YES;
				GCC_OPTIMIZATION_LEVEL = 0;
				GCC_PREPROCESSOR_DEFINITIONS = (
					"DEBUG=1",
					"$(inherited)",
				);
				GCC_WARN_64_TO_32_BIT_CONVERSION = YES;
				GCC_WARN_ABOUT_RETURN_TYPE = YES_ERROR;
				GCC_WARN_UNDECLARED_SELECTOR = YES;
				GCC_WARN_UNINITIALIZED_AUTOS = YES_AGGRESSIVE;
				GCC_WARN_UNUSED_FUNCTION = YES;
				GCC_WARN_UNUSED_VARIABLE = YES;
				IPHONEOS_DEPLOYMENT_TARGET = 11.4;
				MTL_ENABLE_DEBUG_INFO = YES;
				ONLY_ACTIVE_ARCH = YES;
				SDKROOT = iphoneos;
				SWIFT_ACTIVE_COMPILATION_CONDITIONS = DEBUG;
				SWIFT_OPTIMIZATION_LEVEL = "-Onone";
			};
			name = Debug;
		};
		84F15C0D213FE9E700BD6BBF /* Release */ = {
			isa = XCBuildConfiguration;
			buildSettings = {
				ALWAYS_SEARCH_USER_PATHS = NO;
				CLANG_ANALYZER_NONNULL = YES;
				CLANG_ANALYZER_NUMBER_OBJECT_CONVERSION = YES_AGGRESSIVE;
				CLANG_CXX_LANGUAGE_STANDARD = "gnu++14";
				CLANG_CXX_LIBRARY = "libc++";
				CLANG_ENABLE_MODULES = YES;
				CLANG_ENABLE_OBJC_ARC = YES;
				CLANG_ENABLE_OBJC_WEAK = YES;
				CLANG_WARN_BLOCK_CAPTURE_AUTORELEASING = YES;
				CLANG_WARN_BOOL_CONVERSION = YES;
				CLANG_WARN_COMMA = YES;
				CLANG_WARN_CONSTANT_CONVERSION = YES;
				CLANG_WARN_DEPRECATED_OBJC_IMPLEMENTATIONS = YES;
				CLANG_WARN_DIRECT_OBJC_ISA_USAGE = YES_ERROR;
				CLANG_WARN_DOCUMENTATION_COMMENTS = YES;
				CLANG_WARN_EMPTY_BODY = YES;
				CLANG_WARN_ENUM_CONVERSION = YES;
				CLANG_WARN_INFINITE_RECURSION = YES;
				CLANG_WARN_INT_CONVERSION = YES;
				CLANG_WARN_NON_LITERAL_NULL_CONVERSION = YES;
				CLANG_WARN_OBJC_IMPLICIT_RETAIN_SELF = YES;
				CLANG_WARN_OBJC_LITERAL_CONVERSION = YES;
				CLANG_WARN_OBJC_ROOT_CLASS = YES_ERROR;
				CLANG_WARN_RANGE_LOOP_ANALYSIS = YES;
				CLANG_WARN_STRICT_PROTOTYPES = YES;
				CLANG_WARN_SUSPICIOUS_MOVE = YES;
				CLANG_WARN_UNGUARDED_AVAILABILITY = YES_AGGRESSIVE;
				CLANG_WARN_UNREACHABLE_CODE = YES;
				CLANG_WARN__DUPLICATE_METHOD_MATCH = YES;
				CODE_SIGN_IDENTITY = "iPhone Developer";
				COPY_PHASE_STRIP = NO;
				DEBUG_INFORMATION_FORMAT = "dwarf-with-dsym";
				ENABLE_NS_ASSERTIONS = NO;
				ENABLE_STRICT_OBJC_MSGSEND = YES;
				GCC_C_LANGUAGE_STANDARD = gnu11;
				GCC_NO_COMMON_BLOCKS = YES;
				GCC_WARN_64_TO_32_BIT_CONVERSION = YES;
				GCC_WARN_ABOUT_RETURN_TYPE = YES_ERROR;
				GCC_WARN_UNDECLARED_SELECTOR = YES;
				GCC_WARN_UNINITIALIZED_AUTOS = YES_AGGRESSIVE;
				GCC_WARN_UNUSED_FUNCTION = YES;
				GCC_WARN_UNUSED_VARIABLE = YES;
				IPHONEOS_DEPLOYMENT_TARGET = 11.4;
				MTL_ENABLE_DEBUG_INFO = NO;
				SDKROOT = iphoneos;
				SWIFT_COMPILATION_MODE = wholemodule;
				SWIFT_OPTIMIZATION_LEVEL = "-O";
				VALIDATE_PRODUCT = YES;
			};
			name = Release;
		};
		84F15C0F213FE9E700BD6BBF /* Debug */ = {
			isa = XCBuildConfiguration;
			buildSettings = {
				ASSETCATALOG_COMPILER_APPICON_NAME = AppIcon;
				CODE_SIGN_STYLE = Automatic;
				INFOPLIST_FILE = GitPractice/Info.plist;
				LD_RUNPATH_SEARCH_PATHS = (
					"$(inherited)",
					"@executable_path/Frameworks",
				);
				PRODUCT_BUNDLE_IDENTIFIER = abc.GitPractice;
				PRODUCT_NAME = "$(TARGET_NAME)";
				SWIFT_VERSION = 4.0;
				TARGETED_DEVICE_FAMILY = "1,2";
			};
			name = Debug;
		};
		84F15C10213FE9E700BD6BBF /* Release */ = {
			isa = XCBuildConfiguration;
			buildSettings = {
				ASSETCATALOG_COMPILER_APPICON_NAME = AppIcon;
				CODE_SIGN_STYLE = Automatic;
				INFOPLIST_FILE = GitPractice/Info.plist;
				LD_RUNPATH_SEARCH_PATHS = (
					"$(inherited)",
					"@executable_path/Frameworks",
				);
				PRODUCT_BUNDLE_IDENTIFIER = abc.GitPractice;
				PRODUCT_NAME = "$(TARGET_NAME)";
				SWIFT_VERSION = 4.0;
				TARGETED_DEVICE_FAMILY = "1,2";
			};
			name = Release;
		};
		84F15C12213FE9E700BD6BBF /* Debug */ = {
			isa = XCBuildConfiguration;
			buildSettings = {
				ALWAYS_EMBED_SWIFT_STANDARD_LIBRARIES = YES;
				BUNDLE_LOADER = "$(TEST_HOST)";
				CODE_SIGN_STYLE = Automatic;
				INFOPLIST_FILE = GitPracticeTests/Info.plist;
				LD_RUNPATH_SEARCH_PATHS = (
					"$(inherited)",
					"@executable_path/Frameworks",
					"@loader_path/Frameworks",
				);
				PRODUCT_BUNDLE_IDENTIFIER = abc.GitPracticeTests;
				PRODUCT_NAME = "$(TARGET_NAME)";
				SWIFT_VERSION = 4.0;
				TARGETED_DEVICE_FAMILY = "1,2";
				TEST_HOST = "$(BUILT_PRODUCTS_DIR)/GitPractice.app/GitPractice";
			};
			name = Debug;
		};
		84F15C13213FE9E700BD6BBF /* Release */ = {
			isa = XCBuildConfiguration;
			buildSettings = {
				ALWAYS_EMBED_SWIFT_STANDARD_LIBRARIES = YES;
				BUNDLE_LOADER = "$(TEST_HOST)";
				CODE_SIGN_STYLE = Automatic;
				INFOPLIST_FILE = GitPracticeTests/Info.plist;
				LD_RUNPATH_SEARCH_PATHS = (
					"$(inherited)",
					"@executable_path/Frameworks",
					"@loader_path/Frameworks",
				);
				PRODUCT_BUNDLE_IDENTIFIER = abc.GitPracticeTests;
				PRODUCT_NAME = "$(TARGET_NAME)";
				SWIFT_VERSION = 4.0;
				TARGETED_DEVICE_FAMILY = "1,2";
				TEST_HOST = "$(BUILT_PRODUCTS_DIR)/GitPractice.app/GitPractice";
			};
			name = Release;
		};
		84F15C15213FE9E700BD6BBF /* Debug */ = {
			isa = XCBuildConfiguration;
			buildSettings = {
				ALWAYS_EMBED_SWIFT_STANDARD_LIBRARIES = YES;
				CODE_SIGN_STYLE = Automatic;
				INFOPLIST_FILE = GitPracticeUITests/Info.plist;
				LD_RUNPATH_SEARCH_PATHS = (
					"$(inherited)",
					"@executable_path/Frameworks",
					"@loader_path/Frameworks",
				);
				PRODUCT_BUNDLE_IDENTIFIER = abc.GitPracticeUITests;
				PRODUCT_NAME = "$(TARGET_NAME)";
				SWIFT_VERSION = 4.0;
				TARGETED_DEVICE_FAMILY = "1,2";
				TEST_TARGET_NAME = GitPractice;
			};
			name = Debug;
		};
		84F15C16213FE9E700BD6BBF /* Release */ = {
			isa = XCBuildConfiguration;
			buildSettings = {
				ALWAYS_EMBED_SWIFT_STANDARD_LIBRARIES = YES;
				CODE_SIGN_STYLE = Automatic;
				INFOPLIST_FILE = GitPracticeUITests/Info.plist;
				LD_RUNPATH_SEARCH_PATHS = (
					"$(inherited)",
					"@executable_path/Frameworks",
					"@loader_path/Frameworks",
				);
				PRODUCT_BUNDLE_IDENTIFIER = abc.GitPracticeUITests;
				PRODUCT_NAME = "$(TARGET_NAME)";
				SWIFT_VERSION = 4.0;
				TARGETED_DEVICE_FAMILY = "1,2";
				TEST_TARGET_NAME = GitPractice;
			};
			name = Release;
		};
/* End XCBuildConfiguration section */

/* Begin XCConfigurationList section */
		84F15BE1213FE9E500BD6BBF /* Build configuration list for PBXProject "GitPractice" */ = {
			isa = XCConfigurationList;
			buildConfigurations = (
				84F15C0C213FE9E700BD6BBF /* Debug */,
				84F15C0D213FE9E700BD6BBF /* Release */,
			);
			defaultConfigurationIsVisible = 0;
			defaultConfigurationName = Release;
		};
		84F15C0E213FE9E700BD6BBF /* Build configuration list for PBXNativeTarget "GitPractice" */ = {
			isa = XCConfigurationList;
			buildConfigurations = (
				84F15C0F213FE9E700BD6BBF /* Debug */,
				84F15C10213FE9E700BD6BBF /* Release */,
			);
			defaultConfigurationIsVisible = 0;
			defaultConfigurationName = Release;
		};
		84F15C11213FE9E700BD6BBF /* Build configuration list for PBXNativeTarget "GitPracticeTests" */ = {
			isa = XCConfigurationList;
			buildConfigurations = (
				84F15C12213FE9E700BD6BBF /* Debug */,
				84F15C13213FE9E700BD6BBF /* Release */,
			);
			defaultConfigurationIsVisible = 0;
			defaultConfigurationName = Release;
		};
		84F15C14213FE9E700BD6BBF /* Build configuration list for PBXNativeTarget "GitPracticeUITests" */ = {
			isa = XCConfigurationList;
			buildConfigurations = (
				84F15C15213FE9E700BD6BBF /* Debug */,
				84F15C16213FE9E700BD6BBF /* Release */,
			);
			defaultConfigurationIsVisible = 0;
			defaultConfigurationName = Release;
		};
/* End XCConfigurationList section */
	};
	rootObject = 84F15BDE213FE9E500BD6BBF /* Project object */;
}
